
Microsoft Visual Studio Solution File, Format Version 12.00
# Visual Studio Version 17
VisualStudioVersion = 17.5.33424.131
MinimumVisualStudioVersion = 10.0.40219.1
Project("{FAE04EC0-301F-11D3-BF4B-00C04F79EFBC}") = "testApp1", "testApp1.csproj", "{2C918298-0984-4275-9B76-83D1FC5755FC}"
EndProject
Global
	GlobalSection(SolutionConfigurationPlatforms) = preSolution
		Debug|Any CPU = Debug|Any CPU
		Release|Any CPU = Release|Any CPU
	EndGlobalSection
	GlobalSection(ProjectConfigurationPlatforms) = postSolution
		{2C918298-0984-4275-9B76-83D1FC5755FC}.Debug|Any CPU.ActiveCfg = Debug|Any CPU
		{2C918298-0984-4275-9B76-83D1FC5755FC}.Debug|Any CPU.Build.0 = Debug|Any CPU
		{2C918298-0984-4275-9B76-83D1FC5755FC}.Release|Any CPU.ActiveCfg = Release|Any CPU
		{2C918298-0984-4275-9B76-83D1FC5755FC}.Release|Any CPU.Build.0 = Release|Any CPU
	EndGlobalSection
	GlobalSection(SolutionProperties) = preSolution
		HideSolutionNode = FALSE
	EndGlobalSection
	GlobalSection(ExtensibilityGlobals) = postSolution
		SolutionGuid = {43E85B0E-D2AD-4539-83B2-2804988ED7E3}
	EndGlobalSection
EndGlobal
